{
  "version": 4,
  "terraform_version": "1.13.3",
  "serial": 9,
  "lineage": "8bc8b35c-4b2a-1967-1db9-2aff99c59f62",
  "outputs": {
    "random_pet_name": {
      "value": "singularly-working-mule",
      "type": "string"
    }
  },
  "resources": [
    {
      "mode": "managed",
      "type": "random_pet",
      "name": "pet_name",
      "provider": "provider[\"registry.terraform.io/hashicorp/random\"]",
      "instances": [
        {
          "schema_version": 0,
          "attributes": {
            "id": "singularly-working-mule",
            "keepers": null,
            "length": 3,
            "prefix": null,
            "separator": "-"
          },
          "sensitive_attributes": [],
          "identity_schema_version": 0
        }
      ]
    }
  ],
  "check_results": null
}
